
Microsoft Visual Studio Solution File, Format Version 12.00
# Visual Studio Version 17
VisualStudioVersion = 17.3.32825.248
MinimumVisualStudioVersion = 10.0.40219.1
Project("{FAE04EC0-301F-11D3-BF4B-00C04F79EFBC}") = "Task1", "Task1\Task1.csproj", "{76EB38EA-E73D-461B-B9E7-0F15B79C5939}"
EndProject
Global
	GlobalSection(SolutionConfigurationPlatforms) = preSolution
		Debug|Any CPU = Debug|Any CPU
		Release|Any CPU = Release|Any CPU
	EndGlobalSection
	GlobalSection(ProjectConfigurationPlatforms) = postSolution
		{76EB38EA-E73D-461B-B9E7-0F15B79C5939}.Debug|Any CPU.ActiveCfg = Debug|Any CPU
		{76EB38EA-E73D-461B-B9E7-0F15B79C5939}.Debug|Any CPU.Build.0 = Debug|Any CPU
		{76EB38EA-E73D-461B-B9E7-0F15B79C5939}.Release|Any CPU.ActiveCfg = Release|Any CPU
		{76EB38EA-E73D-461B-B9E7-0F15B79C5939}.Release|Any CPU.Build.0 = Release|Any CPU
	EndGlobalSection
	GlobalSection(SolutionProperties) = preSolution
		HideSolutionNode = FALSE
	EndGlobalSection
	GlobalSection(ExtensibilityGlobals) = postSolution
		SolutionGuid = {5CC1F45A-9686-47C8-B440-BB8F889B4BF7}
	EndGlobalSection
EndGlobal
